
Microsoft Visual Studio Solution File, Format Version 12.00
# Visual Studio Version 17
VisualStudioVersion = 17.10.35013.160
MinimumVisualStudioVersion = 10.0.40219.1
Project("{FAE04EC0-301F-11D3-BF4B-00C04F79EFBC}") = "WebApi_Zeze", "WebApi_Zeze.csproj", "{C9531030-BAC9-48AB-BDE4-C41F4DC34D04}"
EndProject
Global
	GlobalSection(SolutionConfigurationPlatforms) = preSolution
		Debug|Any CPU = Debug|Any CPU
		Release|Any CPU = Release|Any CPU
	EndGlobalSection
	GlobalSection(ProjectConfigurationPlatforms) = postSolution
		{C9531030-BAC9-48AB-BDE4-C41F4DC34D04}.Debug|Any CPU.ActiveCfg = Debug|Any CPU
		{C9531030-BAC9-48AB-BDE4-C41F4DC34D04}.Debug|Any CPU.Build.0 = Debug|Any CPU
		{C9531030-BAC9-48AB-BDE4-C41F4DC34D04}.Release|Any CPU.ActiveCfg = Release|Any CPU
		{C9531030-BAC9-48AB-BDE4-C41F4DC34D04}.Release|Any CPU.Build.0 = Release|Any CPU
	EndGlobalSection
	GlobalSection(SolutionProperties) = preSolution
		HideSolutionNode = FALSE
	EndGlobalSection
	GlobalSection(ExtensibilityGlobals) = postSolution
		SolutionGuid = {8C1FBE4C-BD6C-4DE2-8DF2-9398C985073A}
	EndGlobalSection
EndGlobal
